// !$*UTF8*$!
{
	archiveVersion = 1;
	classes = {
	};
	objectVersion = 46;
	objects = {

/* Begin PBXBuildFile section */
		570272311C17C9DF000AD144 /* ABCDataBase.m in Sources */ = {isa = PBXBuildFile; fileRef = 5702722E1C17C9DF000AD144 /* ABCDataBase.m */; };
		570272321C17C9DF000AD144 /* ABCSqlHandler.m in Sources */ = {isa = PBXBuildFile; fileRef = 570272301C17C9DF000AD144 /* ABCSqlHandler.m */; settings = {COMPILER_FLAGS = "-fno-objc-arc"; }; };
		574E7BB61AEF29B30042E538 /* main.m in Sources */ = {isa = PBXBuildFile; fileRef = 574E7BB51AEF29B30042E538 /* main.m */; };
		574E7BB91AEF29B30042E538 /* AppDelegate.m in Sources */ = {isa = PBXBuildFile; fileRef = 574E7BB81AEF29B30042E538 /* AppDelegate.m */; };
		574E7BC11AEF29B30042E538 /* Images.xcassets in Resources */ = {isa = PBXBuildFile; fileRef = 574E7BC01AEF29B30042E538 /* Images.xcassets */; };
		574E7BDE1AEF2E1E0042E538 /* ABCNetRequest.m in Sources */ = {isa = PBXBuildFile; fileRef = 574E7BDD1AEF2E1E0042E538 /* ABCNetRequest.m */; };
		574E7BE41AEF336E0042E538 /* ABCRequestModel.m in Sources */ = {isa = PBXBuildFile; fileRef = 574E7BE31AEF336E0042E538 /* ABCRequestModel.m */; };
		574E7BE71AEF39090042E538 /* ABCNetOperation.m in Sources */ = {isa = PBXBuildFile; fileRef = 574E7BE61AEF39090042E538 /* ABCNetOperation.m */; };
		574E7BFE1AEF74450042E538 /* ViewControllerIntercept.m in Sources */ = {isa = PBXBuildFile; fileRef = 574E7BFD1AEF74450042E538 /* ViewControllerIntercept.m */; };
		574E7C011AEF74C40042E538 /* ABCImageView.m in Sources */ = {isa = PBXBuildFile; fileRef = 574E7C001AEF74C40042E538 /* ABCImageView.m */; };
		574E7C031AEF77F00042E538 /* ABCRequestModelTest.m in Sources */ = {isa = PBXBuildFile; fileRef = 574E7C021AEF77F00042E538 /* ABCRequestModelTest.m */; };
		574E7C071AEF7D0E0042E538 /* ABCRequestTestModel.m in Sources */ = {isa = PBXBuildFile; fileRef = 574E7C061AEF7D0E0042E538 /* ABCRequestTestModel.m */; };
		574E7C0A1AEF7F690042E538 /* ABCNetObserver.m in Sources */ = {isa = PBXBuildFile; fileRef = 574E7C091AEF7F690042E538 /* ABCNetObserver.m */; };
		574E7C111AF0829C0042E538 /* ABCPhotoAlbum.m in Sources */ = {isa = PBXBuildFile; fileRef = 574E7C101AF0829C0042E538 /* ABCPhotoAlbum.m */; };
		574E7C1C1AF0AC9E0042E538 /* ABCUserInfo.m in Sources */ = {isa = PBXBuildFile; fileRef = 574E7C1B1AF0AC9E0042E538 /* ABCUserInfo.m */; };
		574E7C201AF0C1EC0042E538 /* ABCSearchDelegate.m in Sources */ = {isa = PBXBuildFile; fileRef = 574E7C1F1AF0C1EC0042E538 /* ABCSearchDelegate.m */; };
		574E7C231AF0C2140042E538 /* ABCSearchBar.m in Sources */ = {isa = PBXBuildFile; fileRef = 574E7C221AF0C2140042E538 /* ABCSearchBar.m */; };
		574E7C261AF0C22F0042E538 /* ABCSearchTagView.m in Sources */ = {isa = PBXBuildFile; fileRef = 574E7C251AF0C22F0042E538 /* ABCSearchTagView.m */; };
		574E7C2D1AF0C28F0042E538 /* UIButton+ArrayButton.m in Sources */ = {isa = PBXBuildFile; fileRef = 574E7C2C1AF0C28F0042E538 /* UIButton+ArrayButton.m */; };
		574E7C341AF0C6E80042E538 /* ABCSearchTableCell.m in Sources */ = {isa = PBXBuildFile; fileRef = 574E7C321AF0C6E80042E538 /* ABCSearchTableCell.m */; };
		574E7C351AF0C6E80042E538 /* ABCSearchTableCell.xib in Resources */ = {isa = PBXBuildFile; fileRef = 574E7C331AF0C6E80042E538 /* ABCSearchTableCell.xib */; };
		57526FDB1C1A965D00FAD42C /* ABCRoundButton.m in Sources */ = {isa = PBXBuildFile; fileRef = 57526FDA1C1A965D00FAD42C /* ABCRoundButton.m */; };
		57526FDE1C1A968600FAD42C /* ABCRoundImageView.m in Sources */ = {isa = PBXBuildFile; fileRef = 57526FDD1C1A968600FAD42C /* ABCRoundImageView.m */; };
		577072611C191E2E00EDDD72 /* 150511_JiveBike.mov in Resources */ = {isa = PBXBuildFile; fileRef = 577072601C191E2E00EDDD72 /* 150511_JiveBike.mov */; };
		5770726D1C19256600EDDD72 /* ABCVideoPlayerControlView.m in Sources */ = {isa = PBXBuildFile; fileRef = 5770726C1C19256600EDDD72 /* ABCVideoPlayerControlView.m */; };
		577072701C19258D00EDDD72 /* ABCVidepPlayerController.m in Sources */ = {isa = PBXBuildFile; fileRef = 5770726F1C19258D00EDDD72 /* ABCVidepPlayerController.m */; };
		57F664541C1816A7003F4899 /* TestRequestModel.m in Sources */ = {isa = PBXBuildFile; fileRef = 57F664531C1816A7003F4899 /* TestRequestModel.m */; };
		57F664571C1816BD003F4899 /* TestCallBackModel.m in Sources */ = {isa = PBXBuildFile; fileRef = 57F664561C1816BD003F4899 /* TestCallBackModel.m */; };
		57F6645B1C18202C003F4899 /* ABCCallBackModelTest.m in Sources */ = {isa = PBXBuildFile; fileRef = 57F6645A1C18202C003F4899 /* ABCCallBackModelTest.m */; };
		57F664611C18209C003F4899 /* TestModel.m in Sources */ = {isa = PBXBuildFile; fileRef = 57F664601C18209C003F4899 /* TestModel.m */; };
		57F72CD71C17D08600C0F36E /* ABCCallBackModel.m in Sources */ = {isa = PBXBuildFile; fileRef = 57F72CD61C17D08600C0F36E /* ABCCallBackModel.m */; };
		57F72CDD1C17DB2400C0F36E /* NSString+Additions.m in Sources */ = {isa = PBXBuildFile; fileRef = 57F72CDC1C17DB2400C0F36E /* NSString+Additions.m */; };
		57F72CE01C17DB2D00C0F36E /* UIView+DDAddition.m in Sources */ = {isa = PBXBuildFile; fileRef = 57F72CDF1C17DB2D00C0F36E /* UIView+DDAddition.m */; };
		57F72CE91C17FF9700C0F36E /* TestViewController.m in Sources */ = {isa = PBXBuildFile; fileRef = 57F72CE81C17FF9700C0F36E /* TestViewController.m */; };
		57F72CEE1C180C8B00C0F36E /* ABCHub.m in Sources */ = {isa = PBXBuildFile; fileRef = 57F72CED1C180C8B00C0F36E /* ABCHub.m */; };
		869580797A879786C12CFB2B /* libPods.a in Frameworks */ = {isa = PBXBuildFile; fileRef = 985F236AC74D8B3B3182C61E /* libPods.a */; };
		FF195FEB335411A481CD41F1 /* libPods.a in Frameworks */ = {isa = PBXBuildFile; fileRef = 985F236AC74D8B3B3182C61E /* libPods.a */; };
/* End PBXBuildFile section */

/* Begin PBXContainerItemProxy section */
		574E7BCA1AEF29B30042E538 /* PBXContainerItemProxy */ = {
			isa = PBXContainerItemProxy;
			containerPortal = 574E7BA81AEF29B30042E538 /* Project object */;
			proxyType = 1;
			remoteGlobalIDString = 574E7BAF1AEF29B30042E538;
			remoteInfo = ABCFrameWork;
		};
/* End PBXContainerItemProxy section */

/* Begin PBXFileReference section */
		1EF50B74DE24BB0B7DB5FB31 /* Pods.debug.xcconfig */ = {isa = PBXFileReference; includeInIndex = 1; lastKnownFileType = text.xcconfig; name = Pods.debug.xcconfig; path = "Pods/Target Support Files/Pods/Pods.debug.xcconfig"; sourceTree = "<group>"; };
		570272231C17C7EE000AD144 /* ABCPrecompile.h */ = {isa = PBXFileReference; lastKnownFileType = sourcecode.c.h; path = ABCPrecompile.h; sourceTree = "<group>"; };
		5702722D1C17C9DF000AD144 /* ABCDataBase.h */ = {isa = PBXFileReference; fileEncoding = 4; lastKnownFileType = sourcecode.c.h; path = ABCDataBase.h; sourceTree = "<group>"; };
		5702722E1C17C9DF000AD144 /* ABCDataBase.m */ = {isa = PBXFileReference; fileEncoding = 4; lastKnownFileType = sourcecode.c.objc; path = ABCDataBase.m; sourceTree = "<group>"; };
		5702722F1C17C9DF000AD144 /* ABCSqlHandler.h */ = {isa = PBXFileReference; fileEncoding = 4; lastKnownFileType = sourcecode.c.h; path = ABCSqlHandler.h; sourceTree = "<group>"; };
		570272301C17C9DF000AD144 /* ABCSqlHandler.m */ = {isa = PBXFileReference; fileEncoding = 4; lastKnownFileType = sourcecode.c.objc; path = ABCSqlHandler.m; sourceTree = "<group>"; };
		5726DF941C1A67DD00D6ACB3 /* ABCCallBackModelDelegate.h */ = {isa = PBXFileReference; lastKnownFileType = sourcecode.c.h; path = ABCCallBackModelDelegate.h; sourceTree = "<group>"; };
		574E7BB01AEF29B30042E538 /* ABCFrameWork.app */ = {isa = PBXFileReference; explicitFileType = wrapper.application; includeInIndex = 0; path = ABCFrameWork.app; sourceTree = BUILT_PRODUCTS_DIR; };
		574E7BB41AEF29B30042E538 /* Info.plist */ = {isa = PBXFileReference; lastKnownFileType = text.plist.xml; path = Info.plist; sourceTree = "<group>"; };
		574E7BB51AEF29B30042E538 /* main.m */ = {isa = PBXFileReference; lastKnownFileType = sourcecode.c.objc; path = main.m; sourceTree = "<group>"; };
		574E7BB71AEF29B30042E538 /* AppDelegate.h */ = {isa = PBXFileReference; lastKnownFileType = sourcecode.c.h; path = AppDelegate.h; sourceTree = "<group>"; };
		574E7BB81AEF29B30042E538 /* AppDelegate.m */ = {isa = PBXFileReference; lastKnownFileType = sourcecode.c.objc; path = AppDelegate.m; sourceTree = "<group>"; };
		574E7BC01AEF29B30042E538 /* Images.xcassets */ = {isa = PBXFileReference; lastKnownFileType = folder.assetcatalog; path = Images.xcassets; sourceTree = "<group>"; };
		574E7BC91AEF29B30042E538 /* ABCFrameWorkTests.xctest */ = {isa = PBXFileReference; explicitFileType = wrapper.cfbundle; includeInIndex = 0; path = ABCFrameWorkTests.xctest; sourceTree = BUILT_PRODUCTS_DIR; };
		574E7BCE1AEF29B30042E538 /* Info.plist */ = {isa = PBXFileReference; lastKnownFileType = text.plist.xml; path = Info.plist; sourceTree = "<group>"; };
		574E7BD91AEF29F50042E538 /* PrefixHeader.pch */ = {isa = PBXFileReference; lastKnownFileType = sourcecode.c.h; path = PrefixHeader.pch; sourceTree = "<group>"; };
		574E7BDB1AEF2DB20042E538 /* ABCFrameWork.h */ = {isa = PBXFileReference; lastKnownFileType = sourcecode.c.h; path = ABCFrameWork.h; sourceTree = "<group>"; };
		574E7BDC1AEF2E1E0042E538 /* ABCNetRequest.h */ = {isa = PBXFileReference; fileEncoding = 4; lastKnownFileType = sourcecode.c.h; path = ABCNetRequest.h; sourceTree = "<group>"; };
		574E7BDD1AEF2E1E0042E538 /* ABCNetRequest.m */ = {isa = PBXFileReference; fileEncoding = 4; lastKnownFileType = sourcecode.c.objc; path = ABCNetRequest.m; sourceTree = "<group>"; };
		574E7BE21AEF336E0042E538 /* ABCRequestModel.h */ = {isa = PBXFileReference; fileEncoding = 4; lastKnownFileType = sourcecode.c.h; path = ABCRequestModel.h; sourceTree = "<group>"; };
		574E7BE31AEF336E0042E538 /* ABCRequestModel.m */ = {isa = PBXFileReference; fileEncoding = 4; lastKnownFileType = sourcecode.c.objc; path = ABCRequestModel.m; sourceTree = "<group>"; };
		574E7BE51AEF39090042E538 /* ABCNetOperation.h */ = {isa = PBXFileReference; fileEncoding = 4; lastKnownFileType = sourcecode.c.h; path = ABCNetOperation.h; sourceTree = "<group>"; };
		574E7BE61AEF39090042E538 /* ABCNetOperation.m */ = {isa = PBXFileReference; fileEncoding = 4; lastKnownFileType = sourcecode.c.objc; path = ABCNetOperation.m; sourceTree = "<group>"; };
		574E7BFC1AEF74450042E538 /* ViewControllerIntercept.h */ = {isa = PBXFileReference; fileEncoding = 4; lastKnownFileType = sourcecode.c.h; path = ViewControllerIntercept.h; sourceTree = "<group>"; };
		574E7BFD1AEF74450042E538 /* ViewControllerIntercept.m */ = {isa = PBXFileReference; fileEncoding = 4; lastKnownFileType = sourcecode.c.objc; path = ViewControllerIntercept.m; sourceTree = "<group>"; };
		574E7BFF1AEF74C40042E538 /* ABCImageView.h */ = {isa = PBXFileReference; fileEncoding = 4; lastKnownFileType = sourcecode.c.h; path = ABCImageView.h; sourceTree = "<group>"; };
		574E7C001AEF74C40042E538 /* ABCImageView.m */ = {isa = PBXFileReference; fileEncoding = 4; lastKnownFileType = sourcecode.c.objc; path = ABCImageView.m; sourceTree = "<group>"; };
		574E7C021AEF77F00042E538 /* ABCRequestModelTest.m */ = {isa = PBXFileReference; fileEncoding = 4; lastKnownFileType = sourcecode.c.objc; path = ABCRequestModelTest.m; sourceTree = "<group>"; };
		574E7C051AEF7D0E0042E538 /* ABCRequestTestModel.h */ = {isa = PBXFileReference; fileEncoding = 4; lastKnownFileType = sourcecode.c.h; path = ABCRequestTestModel.h; sourceTree = "<group>"; };
		574E7C061AEF7D0E0042E538 /* ABCRequestTestModel.m */ = {isa = PBXFileReference; fileEncoding = 4; lastKnownFileType = sourcecode.c.objc; path = ABCRequestTestModel.m; sourceTree = "<group>"; };
		574E7C081AEF7F680042E538 /* ABCNetObserver.h */ = {isa = PBXFileReference; fileEncoding = 4; lastKnownFileType = sourcecode.c.h; path = ABCNetObserver.h; sourceTree = "<group>"; };
		574E7C091AEF7F690042E538 /* ABCNetObserver.m */ = {isa = PBXFileReference; fileEncoding = 4; lastKnownFileType = sourcecode.c.objc; path = ABCNetObserver.m; sourceTree = "<group>"; };
		574E7C0F1AF0829C0042E538 /* ABCPhotoAlbum.h */ = {isa = PBXFileReference; fileEncoding = 4; lastKnownFileType = sourcecode.c.h; path = ABCPhotoAlbum.h; sourceTree = "<group>"; };
		574E7C101AF0829C0042E538 /* ABCPhotoAlbum.m */ = {isa = PBXFileReference; fileEncoding = 4; lastKnownFileType = sourcecode.c.objc; path = ABCPhotoAlbum.m; sourceTree = "<group>"; };
		574E7C1A1AF0AC9E0042E538 /* ABCUserInfo.h */ = {isa = PBXFileReference; fileEncoding = 4; lastKnownFileType = sourcecode.c.h; path = ABCUserInfo.h; sourceTree = "<group>"; };
		574E7C1B1AF0AC9E0042E538 /* ABCUserInfo.m */ = {isa = PBXFileReference; fileEncoding = 4; lastKnownFileType = sourcecode.c.objc; path = ABCUserInfo.m; sourceTree = "<group>"; };
		574E7C1E1AF0C1EC0042E538 /* ABCSearchDelegate.h */ = {isa = PBXFileReference; fileEncoding = 4; lastKnownFileType = sourcecode.c.h; path = ABCSearchDelegate.h; sourceTree = "<group>"; };
		574E7C1F1AF0C1EC0042E538 /* ABCSearchDelegate.m */ = {isa = PBXFileReference; fileEncoding = 4; lastKnownFileType = sourcecode.c.objc; path = ABCSearchDelegate.m; sourceTree = "<group>"; };
		574E7C211AF0C2140042E538 /* ABCSearchBar.h */ = {isa = PBXFileReference; fileEncoding = 4; lastKnownFileType = sourcecode.c.h; path = ABCSearchBar.h; sourceTree = "<group>"; };
		574E7C221AF0C2140042E538 /* ABCSearchBar.m */ = {isa = PBXFileReference; fileEncoding = 4; lastKnownFileType = sourcecode.c.objc; path = ABCSearchBar.m; sourceTree = "<group>"; };
		574E7C241AF0C22F0042E538 /* ABCSearchTagView.h */ = {isa = PBXFileReference; fileEncoding = 4; lastKnownFileType = sourcecode.c.h; path = ABCSearchTagView.h; sourceTree = "<group>"; };
		574E7C251AF0C22F0042E538 /* ABCSearchTagView.m */ = {isa = PBXFileReference; fileEncoding = 4; lastKnownFileType = sourcecode.c.objc; path = ABCSearchTagView.m; sourceTree = "<group>"; };
		574E7C2B1AF0C28F0042E538 /* UIButton+ArrayButton.h */ = {isa = PBXFileReference; fileEncoding = 4; lastKnownFileType = sourcecode.c.h; path = "UIButton+ArrayButton.h"; sourceTree = "<group>"; };
		574E7C2C1AF0C28F0042E538 /* UIButton+ArrayButton.m */ = {isa = PBXFileReference; fileEncoding = 4; lastKnownFileType = sourcecode.c.objc; path = "UIButton+ArrayButton.m"; sourceTree = "<group>"; };
		574E7C311AF0C6E80042E538 /* ABCSearchTableCell.h */ = {isa = PBXFileReference; fileEncoding = 4; lastKnownFileType = sourcecode.c.h; path = ABCSearchTableCell.h; sourceTree = "<group>"; };
		574E7C321AF0C6E80042E538 /* ABCSearchTableCell.m */ = {isa = PBXFileReference; fileEncoding = 4; lastKnownFileType = sourcecode.c.objc; path = ABCSearchTableCell.m; sourceTree = "<group>"; };
		574E7C331AF0C6E80042E538 /* ABCSearchTableCell.xib */ = {isa = PBXFileReference; fileEncoding = 4; lastKnownFileType = file.xib; path = ABCSearchTableCell.xib; sourceTree = "<group>"; };
		57526FD91C1A965D00FAD42C /* ABCRoundButton.h */ = {isa = PBXFileReference; fileEncoding = 4; lastKnownFileType = sourcecode.c.h; name = ABCRoundButton.h; path = ABCRoundButton/ABCRoundButton.h; sourceTree = "<group>"; };
		57526FDA1C1A965D00FAD42C /* ABCRoundButton.m */ = {isa = PBXFileReference; fileEncoding = 4; lastKnownFileType = sourcecode.c.objc; name = ABCRoundButton.m; path = ABCRoundButton/ABCRoundButton.m; sourceTree = "<group>"; };
		57526FDC1C1A968600FAD42C /* ABCRoundImageView.h */ = {isa = PBXFileReference; fileEncoding = 4; lastKnownFileType = sourcecode.c.h; name = ABCRoundImageView.h; path = ABCRoundImageView/ABCRoundImageView.h; sourceTree = "<group>"; };
		57526FDD1C1A968600FAD42C /* ABCRoundImageView.m */ = {isa = PBXFileReference; fileEncoding = 4; lastKnownFileType = sourcecode.c.objc; name = ABCRoundImageView.m; path = ABCRoundImageView/ABCRoundImageView.m; sourceTree = "<group>"; };
		57526FDF1C1A97AD00FAD42C /* ABCUtilExtend.h */ = {isa = PBXFileReference; lastKnownFileType = sourcecode.c.h; path = ABCUtilExtend.h; sourceTree = "<group>"; };
		577072601C191E2E00EDDD72 /* 150511_JiveBike.mov */ = {isa = PBXFileReference; lastKnownFileType = video.quicktime; path = 150511_JiveBike.mov; sourceTree = "<group>"; };
		5770726B1C19256600EDDD72 /* ABCVideoPlayerControlView.h */ = {isa = PBXFileReference; fileEncoding = 4; lastKnownFileType = sourcecode.c.h; name = ABCVideoPlayerControlView.h; path = VideoPlayer/ABCVideoPlayerControlView.h; sourceTree = "<group>"; };
		5770726C1C19256600EDDD72 /* ABCVideoPlayerControlView.m */ = {isa = PBXFileReference; fileEncoding = 4; lastKnownFileType = sourcecode.c.objc; name = ABCVideoPlayerControlView.m; path = VideoPlayer/ABCVideoPlayerControlView.m; sourceTree = "<group>"; };
		5770726E1C19258D00EDDD72 /* ABCVidepPlayerController.h */ = {isa = PBXFileReference; fileEncoding = 4; lastKnownFileType = sourcecode.c.h; name = ABCVidepPlayerController.h; path = VideoPlayer/ABCVidepPlayerController.h; sourceTree = "<group>"; };
		5770726F1C19258D00EDDD72 /* ABCVidepPlayerController.m */ = {isa = PBXFileReference; fileEncoding = 4; lastKnownFileType = sourcecode.c.objc; name = ABCVidepPlayerController.m; path = VideoPlayer/ABCVidepPlayerController.m; sourceTree = "<group>"; };
		57F664521C1816A7003F4899 /* TestRequestModel.h */ = {isa = PBXFileReference; fileEncoding = 4; lastKnownFileType = sourcecode.c.h; path = TestRequestModel.h; sourceTree = "<group>"; };
		57F664531C1816A7003F4899 /* TestRequestModel.m */ = {isa = PBXFileReference; fileEncoding = 4; lastKnownFileType = sourcecode.c.objc; path = TestRequestModel.m; sourceTree = "<group>"; };
		57F664551C1816BD003F4899 /* TestCallBackModel.h */ = {isa = PBXFileReference; fileEncoding = 4; lastKnownFileType = sourcecode.c.h; path = TestCallBackModel.h; sourceTree = "<group>"; };
		57F664561C1816BD003F4899 /* TestCallBackModel.m */ = {isa = PBXFileReference; fileEncoding = 4; lastKnownFileType = sourcecode.c.objc; path = TestCallBackModel.m; sourceTree = "<group>"; };
		57F6645A1C18202C003F4899 /* ABCCallBackModelTest.m */ = {isa = PBXFileReference; fileEncoding = 4; lastKnownFileType = sourcecode.c.objc; name = ABCCallBackModelTest.m; path = ABCCallBackModelTest/ABCCallBackModelTest.m; sourceTree = "<group>"; };
		57F6645F1C18209C003F4899 /* TestModel.h */ = {isa = PBXFileReference; fileEncoding = 4; lastKnownFileType = sourcecode.c.h; name = TestModel.h; path = ABCCallBackModelTest/TestModel.h; sourceTree = "<group>"; };
		57F664601C18209C003F4899 /* TestModel.m */ = {isa = PBXFileReference; fileEncoding = 4; lastKnownFileType = sourcecode.c.objc; name = TestModel.m; path = ABCCallBackModelTest/TestModel.m; sourceTree = "<group>"; };
		57F72CD51C17D08600C0F36E /* ABCCallBackModel.h */ = {isa = PBXFileReference; fileEncoding = 4; lastKnownFileType = sourcecode.c.h; path = ABCCallBackModel.h; sourceTree = "<group>"; };
		57F72CD61C17D08600C0F36E /* ABCCallBackModel.m */ = {isa = PBXFileReference; fileEncoding = 4; lastKnownFileType = sourcecode.c.objc; path = ABCCallBackModel.m; sourceTree = "<group>"; };
		57F72CDB1C17DB2400C0F36E /* NSString+Additions.h */ = {isa = PBXFileReference; fileEncoding = 4; lastKnownFileType = sourcecode.c.h; path = "NSString+Additions.h"; sourceTree = "<group>"; };
		57F72CDC1C17DB2400C0F36E /* NSString+Additions.m */ = {isa = PBXFileReference; fileEncoding = 4; lastKnownFileType = sourcecode.c.objc; path = "NSString+Additions.m"; sourceTree = "<group>"; };
		57F72CDE1C17DB2D00C0F36E /* UIView+DDAddition.h */ = {isa = PBXFileReference; fileEncoding = 4; lastKnownFileType = sourcecode.c.h; path = "UIView+DDAddition.h"; sourceTree = "<group>"; };
		57F72CDF1C17DB2D00C0F36E /* UIView+DDAddition.m */ = {isa = PBXFileReference; fileEncoding = 4; lastKnownFileType = sourcecode.c.objc; path = "UIView+DDAddition.m"; sourceTree = "<group>"; };
		57F72CE71C17FF9700C0F36E /* TestViewController.h */ = {isa = PBXFileReference; fileEncoding = 4; lastKnownFileType = sourcecode.c.h; path = TestViewController.h; sourceTree = "<group>"; };
		57F72CE81C17FF9700C0F36E /* TestViewController.m */ = {isa = PBXFileReference; fileEncoding = 4; lastKnownFileType = sourcecode.c.objc; path = TestViewController.m; sourceTree = "<group>"; };
		57F72CEC1C180C8B00C0F36E /* ABCHub.h */ = {isa = PBXFileReference; fileEncoding = 4; lastKnownFileType = sourcecode.c.h; path = ABCHub.h; sourceTree = "<group>"; };
		57F72CED1C180C8B00C0F36E /* ABCHub.m */ = {isa = PBXFileReference; fileEncoding = 4; lastKnownFileType = sourcecode.c.objc; path = ABCHub.m; sourceTree = "<group>"; };
		985F236AC74D8B3B3182C61E /* libPods.a */ = {isa = PBXFileReference; explicitFileType = archive.ar; includeInIndex = 0; path = libPods.a; sourceTree = BUILT_PRODUCTS_DIR; };
		C15D63DE3998204D8FA22996 /* Pods.release.xcconfig */ = {isa = PBXFileReference; includeInIndex = 1; lastKnownFileType = text.xcconfig; name = Pods.release.xcconfig; path = "Pods/Target Support Files/Pods/Pods.release.xcconfig"; sourceTree = "<group>"; };
/* End PBXFileReference section */

/* Begin PBXFrameworksBuildPhase section */
		574E7BAD1AEF29B30042E538 /* Frameworks */ = {
			isa = PBXFrameworksBuildPhase;
			buildActionMask = 2147483647;
			files = (
				FF195FEB335411A481CD41F1 /* libPods.a in Frameworks */,
			);
			runOnlyForDeploymentPostprocessing = 0;
		};
		574E7BC61AEF29B30042E538 /* Frameworks */ = {
			isa = PBXFrameworksBuildPhase;
			buildActionMask = 2147483647;
			files = (
				869580797A879786C12CFB2B /* libPods.a in Frameworks */,
			);
			runOnlyForDeploymentPostprocessing = 0;
		};
/* End PBXFrameworksBuildPhase section */

/* Begin PBXGroup section */
		574E7BA71AEF29B30042E538 = {
			isa = PBXGroup;
			children = (
				574E7BB21AEF29B30042E538 /* ABCFrameWork */,
				574E7BCC1AEF29B30042E538 /* ABCFrameWorkTests */,
				A9192F1AE5F0869A40BDA8C9 /* Frameworks */,
				868EEE91219003C97E9EA33E /* Pods */,
				574E7BB11AEF29B30042E538 /* Products */,
			);
			sourceTree = "<group>";
		};
		574E7BB11AEF29B30042E538 /* Products */ = {
			isa = PBXGroup;
			children = (
				574E7BB01AEF29B30042E538 /* ABCFrameWork.app */,
				574E7BC91AEF29B30042E538 /* ABCFrameWorkTests.xctest */,
			);
			name = Products;
			sourceTree = "<group>";
		};
		574E7BB21AEF29B30042E538 /* ABCFrameWork */ = {
			isa = PBXGroup;
			children = (
				577072621C19226B00EDDD72 /* Vendor */,
				574E7BEB1AEF40410042E538 /* Cache */,
				574E7C361AF0C9D70042E538 /* Category */,
				574E7C151AF0A2BF0042E538 /* MVC */,
				574E7BDA1AEF2D870042E538 /* NetOperation */,
				574E7BB31AEF29B30042E538 /* Supporting Files */,
				574E7BFB1AEF73DB0042E538 /* Utils */,
				574E7BDB1AEF2DB20042E538 /* ABCFrameWork.h */,
				570272231C17C7EE000AD144 /* ABCPrecompile.h */,
				57526FDF1C1A97AD00FAD42C /* ABCUtilExtend.h */,
				574E7BB71AEF29B30042E538 /* AppDelegate.h */,
				574E7BB81AEF29B30042E538 /* AppDelegate.m */,
				57F72CE71C17FF9700C0F36E /* TestViewController.h */,
				57F72CE81C17FF9700C0F36E /* TestViewController.m */,
				577072601C191E2E00EDDD72 /* 150511_JiveBike.mov */,
				57F664521C1816A7003F4899 /* TestRequestModel.h */,
				57F664531C1816A7003F4899 /* TestRequestModel.m */,
				57F664551C1816BD003F4899 /* TestCallBackModel.h */,
				57F664561C1816BD003F4899 /* TestCallBackModel.m */,
			);
			path = ABCFrameWork;
			sourceTree = "<group>";
		};
		574E7BB31AEF29B30042E538 /* Supporting Files */ = {
			isa = PBXGroup;
			children = (
				574E7BC01AEF29B30042E538 /* Images.xcassets */,
				574E7BB41AEF29B30042E538 /* Info.plist */,
				574E7BD91AEF29F50042E538 /* PrefixHeader.pch */,
				574E7BB51AEF29B30042E538 /* main.m */,
			);
			path = "Supporting Files";
			sourceTree = "<group>";
		};
		574E7BCC1AEF29B30042E538 /* ABCFrameWorkTests */ = {
			isa = PBXGroup;
			children = (
				57F664591C181FFE003F4899 /* ABCCallBackModelTest */,
				57F72CE11C17F89200C0F36E /* ABCRequestModelTest */,
				574E7BCD1AEF29B30042E538 /* Supporting Files */,
			);
			path = ABCFrameWorkTests;
			sourceTree = "<group>";
		};
		574E7BCD1AEF29B30042E538 /* Supporting Files */ = {
			isa = PBXGroup;
			children = (
				574E7BCE1AEF29B30042E538 /* Info.plist */,
			);
			path = "Supporting Files";
			sourceTree = "<group>";
		};
		574E7BDA1AEF2D870042E538 /* NetOperation */ = {
			isa = PBXGroup;
			children = (
				574E7C081AEF7F680042E538 /* ABCNetObserver.h */,
				574E7C091AEF7F690042E538 /* ABCNetObserver.m */,
				574E7BE51AEF39090042E538 /* ABCNetOperation.h */,
				574E7BE61AEF39090042E538 /* ABCNetOperation.m */,
				574E7BDC1AEF2E1E0042E538 /* ABCNetRequest.h */,
				574E7BDD1AEF2E1E0042E538 /* ABCNetRequest.m */,
			);
			path = NetOperation;
			sourceTree = "<group>";
		};
		574E7BDF1AEF32F70042E538 /* Model */ = {
			isa = PBXGroup;
			children = (
				57F72CD41C17D05F00C0F36E /* CallBackModel */,
				574E7BE01AEF33040042E538 /* RequestModel */,
			);
			path = Model;
			sourceTree = "<group>";
		};
		574E7BE01AEF33040042E538 /* RequestModel */ = {
			isa = PBXGroup;
			children = (
				574E7BE21AEF336E0042E538 /* ABCRequestModel.h */,
				574E7BE31AEF336E0042E538 /* ABCRequestModel.m */,
			);
			path = RequestModel;
			sourceTree = "<group>";
		};
		574E7BEB1AEF40410042E538 /* Cache */ = {
			isa = PBXGroup;
			children = (
				5702722D1C17C9DF000AD144 /* ABCDataBase.h */,
				5702722E1C17C9DF000AD144 /* ABCDataBase.m */,
				5702722F1C17C9DF000AD144 /* ABCSqlHandler.h */,
				570272301C17C9DF000AD144 /* ABCSqlHandler.m */,
			);
			path = Cache;
			sourceTree = "<group>";
		};
		574E7BF71AEF70BE0042E538 /* ImageLoader */ = {
			isa = PBXGroup;
			children = (
				574E7BFF1AEF74C40042E538 /* ABCImageView.h */,
				574E7C001AEF74C40042E538 /* ABCImageView.m */,
			);
			path = ImageLoader;
			sourceTree = "<group>";
		};
		574E7BFB1AEF73DB0042E538 /* Utils */ = {
			isa = PBXGroup;
			children = (
				5770726A1C19252E00EDDD72 /* VideoPlayer */,
				57F72CEB1C180C6200C0F36E /* Hub */,
				574E7BF71AEF70BE0042E538 /* ImageLoader */,
				574E7C0E1AF082140042E538 /* PhotoAlbum */,
				574E7C191AF0AC7B0042E538 /* UserInfo */,
			);
			path = Utils;
			sourceTree = "<group>";
		};
		574E7C0E1AF082140042E538 /* PhotoAlbum */ = {
			isa = PBXGroup;
			children = (
				574E7C0F1AF0829C0042E538 /* ABCPhotoAlbum.h */,
				574E7C101AF0829C0042E538 /* ABCPhotoAlbum.m */,
			);
			path = PhotoAlbum;
			sourceTree = "<group>";
		};
		574E7C151AF0A2BF0042E538 /* MVC */ = {
			isa = PBXGroup;
			children = (
				574E7C161AF0A2CC0042E538 /* Controller */,
				574E7BDF1AEF32F70042E538 /* Model */,
				574E7C171AF0A2E30042E538 /* View */,
			);
			path = MVC;
			sourceTree = "<group>";
		};
		574E7C161AF0A2CC0042E538 /* Controller */ = {
			isa = PBXGroup;
			children = (
				574E7BFC1AEF74450042E538 /* ViewControllerIntercept.h */,
				574E7BFD1AEF74450042E538 /* ViewControllerIntercept.m */,
			);
			path = Controller;
			sourceTree = "<group>";
		};
		574E7C171AF0A2E30042E538 /* View */ = {
			isa = PBXGroup;
			children = (
				57526FD81C1A962700FAD42C /* ABCRoundImageView */,
				57526FD71C1A961300FAD42C /* ABCRoundButton */,
				574E7C1D1AF0BA300042E538 /* ABCSearch */,
			);
			path = View;
			sourceTree = "<group>";
		};
		574E7C191AF0AC7B0042E538 /* UserInfo */ = {
			isa = PBXGroup;
			children = (
				574E7C1A1AF0AC9E0042E538 /* ABCUserInfo.h */,
				574E7C1B1AF0AC9E0042E538 /* ABCUserInfo.m */,
			);
			path = UserInfo;
			sourceTree = "<group>";
		};
		574E7C1D1AF0BA300042E538 /* ABCSearch */ = {
			isa = PBXGroup;
			children = (
				574E7C211AF0C2140042E538 /* ABCSearchBar.h */,
				574E7C221AF0C2140042E538 /* ABCSearchBar.m */,
				574E7C1E1AF0C1EC0042E538 /* ABCSearchDelegate.h */,
				574E7C1F1AF0C1EC0042E538 /* ABCSearchDelegate.m */,
				574E7C311AF0C6E80042E538 /* ABCSearchTableCell.h */,
				574E7C321AF0C6E80042E538 /* ABCSearchTableCell.m */,
				574E7C331AF0C6E80042E538 /* ABCSearchTableCell.xib */,
				574E7C241AF0C22F0042E538 /* ABCSearchTagView.h */,
				574E7C251AF0C22F0042E538 /* ABCSearchTagView.m */,
			);
			path = ABCSearch;
			sourceTree = "<group>";
		};
		574E7C361AF0C9D70042E538 /* Category */ = {
			isa = PBXGroup;
			children = (
				57F72CDA1C17DAE500C0F36E /* NSString */,
				57F72CD81C17DA9A00C0F36E /* UIButton */,
				57F72CD91C17DAAE00C0F36E /* UIView */,
			);
			path = Category;
			sourceTree = "<group>";
		};
		57526FD71C1A961300FAD42C /* ABCRoundButton */ = {
			isa = PBXGroup;
			children = (
				57526FD91C1A965D00FAD42C /* ABCRoundButton.h */,
				57526FDA1C1A965D00FAD42C /* ABCRoundButton.m */,
			);
			name = ABCRoundButton;
			sourceTree = "<group>";
		};
		57526FD81C1A962700FAD42C /* ABCRoundImageView */ = {
			isa = PBXGroup;
			children = (
				57526FDC1C1A968600FAD42C /* ABCRoundImageView.h */,
				57526FDD1C1A968600FAD42C /* ABCRoundImageView.m */,
			);
			name = ABCRoundImageView;
			sourceTree = "<group>";
		};
		577072621C19226B00EDDD72 /* Vendor */ = {
			isa = PBXGroup;
			children = (
			);
			path = Vendor;
			sourceTree = "<group>";
		};
		5770726A1C19252E00EDDD72 /* VideoPlayer */ = {
			isa = PBXGroup;
			children = (
				5770726B1C19256600EDDD72 /* ABCVideoPlayerControlView.h */,
				5770726C1C19256600EDDD72 /* ABCVideoPlayerControlView.m */,
				5770726E1C19258D00EDDD72 /* ABCVidepPlayerController.h */,
				5770726F1C19258D00EDDD72 /* ABCVidepPlayerController.m */,
			);
			name = VideoPlayer;
			sourceTree = "<group>";
		};
		57F664591C181FFE003F4899 /* ABCCallBackModelTest */ = {
			isa = PBXGroup;
			children = (
				57F6645A1C18202C003F4899 /* ABCCallBackModelTest.m */,
				57F6645F1C18209C003F4899 /* TestModel.h */,
				57F664601C18209C003F4899 /* TestModel.m */,
			);
			name = ABCCallBackModelTest;
			sourceTree = "<group>";
		};
		57F72CD41C17D05F00C0F36E /* CallBackModel */ = {
			isa = PBXGroup;
			children = (
				57F72CD51C17D08600C0F36E /* ABCCallBackModel.h */,
				57F72CD61C17D08600C0F36E /* ABCCallBackModel.m */,
				5726DF941C1A67DD00D6ACB3 /* ABCCallBackModelDelegate.h */,
			);
			path = CallBackModel;
			sourceTree = "<group>";
		};
		57F72CD81C17DA9A00C0F36E /* UIButton */ = {
			isa = PBXGroup;
			children = (
				574E7C2B1AF0C28F0042E538 /* UIButton+ArrayButton.h */,
				574E7C2C1AF0C28F0042E538 /* UIButton+ArrayButton.m */,
			);
			path = UIButton;
			sourceTree = "<group>";
		};
		57F72CD91C17DAAE00C0F36E /* UIView */ = {
			isa = PBXGroup;
			children = (
				57F72CDE1C17DB2D00C0F36E /* UIView+DDAddition.h */,
				57F72CDF1C17DB2D00C0F36E /* UIView+DDAddition.m */,
			);
			path = UIView;
			sourceTree = "<group>";
		};
		57F72CDA1C17DAE500C0F36E /* NSString */ = {
			isa = PBXGroup;
			children = (
				57F72CDB1C17DB2400C0F36E /* NSString+Additions.h */,
				57F72CDC1C17DB2400C0F36E /* NSString+Additions.m */,
			);
			path = NSString;
			sourceTree = "<group>";
		};
		57F72CE11C17F89200C0F36E /* ABCRequestModelTest */ = {
			isa = PBXGroup;
			children = (
				574E7C021AEF77F00042E538 /* ABCRequestModelTest.m */,
				574E7C051AEF7D0E0042E538 /* ABCRequestTestModel.h */,
				574E7C061AEF7D0E0042E538 /* ABCRequestTestModel.m */,
			);
			path = ABCRequestModelTest;
			sourceTree = "<group>";
		};
		57F72CEB1C180C6200C0F36E /* Hub */ = {
			isa = PBXGroup;
			children = (
				57F72CEC1C180C8B00C0F36E /* ABCHub.h */,
				57F72CED1C180C8B00C0F36E /* ABCHub.m */,
			);
			path = Hub;
			sourceTree = "<group>";
		};
		868EEE91219003C97E9EA33E /* Pods */ = {
			isa = PBXGroup;
			children = (
				1EF50B74DE24BB0B7DB5FB31 /* Pods.debug.xcconfig */,
				C15D63DE3998204D8FA22996 /* Pods.release.xcconfig */,
			);
			name = Pods;
			sourceTree = "<group>";
		};
		A9192F1AE5F0869A40BDA8C9 /* Frameworks */ = {
			isa = PBXGroup;
			children = (
				985F236AC74D8B3B3182C61E /* libPods.a */,
			);
			name = Frameworks;
			sourceTree = "<group>";
		};
/* End PBXGroup section */

/* Begin PBXNativeTarget section */
		574E7BAF1AEF29B30042E538 /* ABCFrameWork */ = {
			isa = PBXNativeTarget;
			buildConfigurationList = 574E7BD31AEF29B30042E538 /* Build configuration list for PBXNativeTarget "ABCFrameWork" */;
			buildPhases = (
				B8BCA1664AE86922CA88A942 /* Check Pods Manifest.lock */,
				574E7BAC1AEF29B30042E538 /* Sources */,
				574E7BAD1AEF29B30042E538 /* Frameworks */,
				574E7BAE1AEF29B30042E538 /* Resources */,
				ECFB018B1E0ADCC53F808C7D /* Copy Pods Resources */,
				554A1F16FA483B173DD62C1E /* Embed Pods Frameworks */,
			);
			buildRules = (
			);
			dependencies = (
			);
			name = ABCFrameWork;
			productName = ABCFrameWork;
			productReference = 574E7BB01AEF29B30042E538 /* ABCFrameWork.app */;
			productType = "com.apple.product-type.application";
		};
		574E7BC81AEF29B30042E538 /* ABCFrameWorkTests */ = {
			isa = PBXNativeTarget;
			buildConfigurationList = 574E7BD61AEF29B30042E538 /* Build configuration list for PBXNativeTarget "ABCFrameWorkTests" */;
			buildPhases = (
				CC0527D35F2F5F76A348BFA6 /* Check Pods Manifest.lock */,
				574E7BC51AEF29B30042E538 /* Sources */,
				574E7BC61AEF29B30042E538 /* Frameworks */,
				574E7BC71AEF29B30042E538 /* Resources */,
				B326D28A84659CE067C812BF /* Copy Pods Resources */,
				3B51466CB6B2D53887AEA00D /* Embed Pods Frameworks */,
			);
			buildRules = (
			);
			dependencies = (
				574E7BCB1AEF29B30042E538 /* PBXTargetDependency */,
			);
			name = ABCFrameWorkTests;
			productName = ABCFrameWorkTests;
			productReference = 574E7BC91AEF29B30042E538 /* ABCFrameWorkTests.xctest */;
			productType = "com.apple.product-type.bundle.unit-test";
		};
/* End PBXNativeTarget section */

/* Begin PBXProject section */
		574E7BA81AEF29B30042E538 /* Project object */ = {
			isa = PBXProject;
			attributes = {
				LastUpgradeCheck = 0630;
				ORGANIZATIONNAME = NationSky;
				TargetAttributes = {
					574E7BAF1AEF29B30042E538 = {
						CreatedOnToolsVersion = 6.3;
						DevelopmentTeam = FJXM979Q77;
					};
					574E7BC81AEF29B30042E538 = {
						CreatedOnToolsVersion = 6.3;
						TestTargetID = 574E7BAF1AEF29B30042E538;
					};
				};
			};
			buildConfigurationList = 574E7BAB1AEF29B30042E538 /* Build configuration list for PBXProject "ABCFrameWork" */;
			compatibilityVersion = "Xcode 3.2";
			developmentRegion = English;
			hasScannedForEncodings = 0;
			knownRegions = (
				en,
				Base,
			);
			mainGroup = 574E7BA71AEF29B30042E538;
			productRefGroup = 574E7BB11AEF29B30042E538 /* Products */;
			projectDirPath = "";
			projectRoot = "";
			targets = (
				574E7BAF1AEF29B30042E538 /* ABCFrameWork */,
				574E7BC81AEF29B30042E538 /* ABCFrameWorkTests */,
			);
		};
/* End PBXProject section */

/* Begin PBXResourcesBuildPhase section */
		574E7BAE1AEF29B30042E538 /* Resources */ = {
			isa = PBXResourcesBuildPhase;
			buildActionMask = 2147483647;
			files = (
				577072611C191E2E00EDDD72 /* 150511_JiveBike.mov in Resources */,
				574E7BC11AEF29B30042E538 /* Images.xcassets in Resources */,
				574E7C351AF0C6E80042E538 /* ABCSearchTableCell.xib in Resources */,
			);
			runOnlyForDeploymentPostprocessing = 0;
		};
		574E7BC71AEF29B30042E538 /* Resources */ = {
			isa = PBXResourcesBuildPhase;
			buildActionMask = 2147483647;
			files = (
			);
			runOnlyForDeploymentPostprocessing = 0;
		};
/* End PBXResourcesBuildPhase section */

/* Begin PBXShellScriptBuildPhase section */
		3B51466CB6B2D53887AEA00D /* Embed Pods Frameworks */ = {
			isa = PBXShellScriptBuildPhase;
			buildActionMask = 2147483647;
			files = (
			);
			inputPaths = (
			);
			name = "Embed Pods Frameworks";
			outputPaths = (
			);
			runOnlyForDeploymentPostprocessing = 0;
			shellPath = /bin/sh;
			shellScript = "\"${SRCROOT}/Pods/Target Support Files/Pods/Pods-frameworks.sh\"\n";
			showEnvVarsInLog = 0;
		};
		554A1F16FA483B173DD62C1E /* Embed Pods Frameworks */ = {
			isa = PBXShellScriptBuildPhase;
			buildActionMask = 2147483647;
			files = (
			);
			inputPaths = (
			);
			name = "Embed Pods Frameworks";
			outputPaths = (
			);
			runOnlyForDeploymentPostprocessing = 0;
			shellPath = /bin/sh;
			shellScript = "\"${SRCROOT}/Pods/Target Support Files/Pods/Pods-frameworks.sh\"\n";
			showEnvVarsInLog = 0;
		};
		B326D28A84659CE067C812BF /* Copy Pods Resources */ = {
			isa = PBXShellScriptBuildPhase;
			buildActionMask = 2147483647;
			files = (
			);
			inputPaths = (
			);
			name = "Copy Pods Resources";
			outputPaths = (
			);
			runOnlyForDeploymentPostprocessing = 0;
			shellPath = /bin/sh;
			shellScript = "\"${SRCROOT}/Pods/Target Support Files/Pods/Pods-resources.sh\"\n";
			showEnvVarsInLog = 0;
		};
		B8BCA1664AE86922CA88A942 /* Check Pods Manifest.lock */ = {
			isa = PBXShellScriptBuildPhase;
			buildActionMask = 2147483647;
			files = (
			);
			inputPaths = (
			);
			name = "Check Pods Manifest.lock";
			outputPaths = (
			);
			runOnlyForDeploymentPostprocessing = 0;
			shellPath = /bin/sh;
			shellScript = "diff \"${PODS_ROOT}/../Podfile.lock\" \"${PODS_ROOT}/Manifest.lock\" > /dev/null\nif [[ $? != 0 ]] ; then\n    cat << EOM\nerror: The sandbox is not in sync with the Podfile.lock. Run 'pod install' or update your CocoaPods installation.\nEOM\n    exit 1\nfi\n";
			showEnvVarsInLog = 0;
		};
		CC0527D35F2F5F76A348BFA6 /* Check Pods Manifest.lock */ = {
			isa = PBXShellScriptBuildPhase;
			buildActionMask = 2147483647;
			files = (
			);
			inputPaths = (
			);
			name = "Check Pods Manifest.lock";
			outputPaths = (
			);
			runOnlyForDeploymentPostprocessing = 0;
			shellPath = /bin/sh;
			shellScript = "diff \"${PODS_ROOT}/../Podfile.lock\" \"${PODS_ROOT}/Manifest.lock\" > /dev/null\nif [[ $? != 0 ]] ; then\n    cat << EOM\nerror: The sandbox is not in sync with the Podfile.lock. Run 'pod install' or update your CocoaPods installation.\nEOM\n    exit 1\nfi\n";
			showEnvVarsInLog = 0;
		};
		ECFB018B1E0ADCC53F808C7D /* Copy Pods Resources */ = {
			isa = PBXShellScriptBuildPhase;
			buildActionMask = 2147483647;
			files = (
			);
			inputPaths = (
			);
			name = "Copy Pods Resources";
			outputPaths = (
			);
			runOnlyForDeploymentPostprocessing = 0;
			shellPath = /bin/sh;
			shellScript = "\"${SRCROOT}/Pods/Target Support Files/Pods/Pods-resources.sh\"\n";
			showEnvVarsInLog = 0;
		};
/* End PBXShellScriptBuildPhase section */

/* Begin PBXSourcesBuildPhase section */
		574E7BAC1AEF29B30042E538 /* Sources */ = {
			isa = PBXSourcesBuildPhase;
			buildActionMask = 2147483647;
			files = (
				577072701C19258D00EDDD72 /* ABCVidepPlayerController.m in Sources */,
				574E7BE41AEF336E0042E538 /* ABCRequestModel.m in Sources */,
				57F664541C1816A7003F4899 /* TestRequestModel.m in Sources */,
				574E7C0A1AEF7F690042E538 /* ABCNetObserver.m in Sources */,
				57F72CE01C17DB2D00C0F36E /* UIView+DDAddition.m in Sources */,
				574E7C201AF0C1EC0042E538 /* ABCSearchDelegate.m in Sources */,
				574E7BB91AEF29B30042E538 /* AppDelegate.m in Sources */,
				570272311C17C9DF000AD144 /* ABCDataBase.m in Sources */,
				574E7C111AF0829C0042E538 /* ABCPhotoAlbum.m in Sources */,
				574E7C2D1AF0C28F0042E538 /* UIButton+ArrayButton.m in Sources */,
				5770726D1C19256600EDDD72 /* ABCVideoPlayerControlView.m in Sources */,
				57F72CEE1C180C8B00C0F36E /* ABCHub.m in Sources */,
				570272321C17C9DF000AD144 /* ABCSqlHandler.m in Sources */,
				57F72CE91C17FF9700C0F36E /* TestViewController.m in Sources */,
				574E7BB61AEF29B30042E538 /* main.m in Sources */,
				574E7BE71AEF39090042E538 /* ABCNetOperation.m in Sources */,
				57F72CD71C17D08600C0F36E /* ABCCallBackModel.m in Sources */,
				57526FDB1C1A965D00FAD42C /* ABCRoundButton.m in Sources */,
				57526FDE1C1A968600FAD42C /* ABCRoundImageView.m in Sources */,
				574E7BDE1AEF2E1E0042E538 /* ABCNetRequest.m in Sources */,
				574E7C231AF0C2140042E538 /* ABCSearchBar.m in Sources */,
				574E7C341AF0C6E80042E538 /* ABCSearchTableCell.m in Sources */,
				574E7BFE1AEF74450042E538 /* ViewControllerIntercept.m in Sources */,
				574E7C261AF0C22F0042E538 /* ABCSearchTagView.m in Sources */,
				57F664571C1816BD003F4899 /* TestCallBackModel.m in Sources */,
				574E7C1C1AF0AC9E0042E538 /* ABCUserInfo.m in Sources */,
				574E7C011AEF74C40042E538 /* ABCImageView.m in Sources */,
				57F72CDD1C17DB2400C0F36E /* NSString+Additions.m in Sources */,
			);
			runOnlyForDeploymentPostprocessing = 0;
		};
		574E7BC51AEF29B30042E538 /* Sources */ = {
			isa = PBXSourcesBuildPhase;
			buildActionMask = 2147483647;
			files = (
				574E7C071AEF7D0E0042E538 /* ABCRequestTestModel.m in Sources */,
				57F6645B1C18202C003F4899 /* ABCCallBackModelTest.m in Sources */,
				574E7C031AEF77F00042E538 /* ABCRequestModelTest.m in Sources */,
				57F664611C18209C003F4899 /* TestModel.m in Sources */,
			);
			runOnlyForDeploymentPostprocessing = 0;
		};
/* End PBXSourcesBuildPhase section */

/* Begin PBXTargetDependency section */
		574E7BCB1AEF29B30042E538 /* PBXTargetDependency */ = {
			isa = PBXTargetDependency;
			target = 574E7BAF1AEF29B30042E538 /* ABCFrameWork */;
			targetProxy = 574E7BCA1AEF29B30042E538 /* PBXContainerItemProxy */;
		};
/* End PBXTargetDependency section */

/* Begin XCBuildConfiguration section */
		574E7BD11AEF29B30042E538 /* Debug */ = {
			isa = XCBuildConfiguration;
			buildSettings = {
				ALWAYS_SEARCH_USER_PATHS = NO;
				CLANG_CXX_LANGUAGE_STANDARD = "gnu++0x";
				CLANG_CXX_LIBRARY = "libc++";
				CLANG_ENABLE_MODULES = YES;
				CLANG_ENABLE_OBJC_ARC = YES;
				CLANG_WARN_BOOL_CONVERSION = YES;
				CLANG_WARN_CONSTANT_CONVERSION = YES;
				CLANG_WARN_DIRECT_OBJC_ISA_USAGE = YES_ERROR;
				CLANG_WARN_EMPTY_BODY = YES;
				CLANG_WARN_ENUM_CONVERSION = YES;
				CLANG_WARN_INT_CONVERSION = YES;
				CLANG_WARN_OBJC_ROOT_CLASS = YES_ERROR;
				CLANG_WARN_UNREACHABLE_CODE = YES;
				CLANG_WARN__DUPLICATE_METHOD_MATCH = YES;
				"CODE_SIGN_IDENTITY[sdk=iphoneos*]" = "iPhone Developer";
				COPY_PHASE_STRIP = NO;
				DEBUG_INFORMATION_FORMAT = "dwarf-with-dsym";
				ENABLE_STRICT_OBJC_MSGSEND = YES;
				GCC_C_LANGUAGE_STANDARD = gnu99;
				GCC_DYNAMIC_NO_PIC = NO;
				GCC_NO_COMMON_BLOCKS = YES;
				GCC_OPTIMIZATION_LEVEL = 0;
				GCC_PREPROCESSOR_DEFINITIONS = (
					"DEBUG=1",
					"$(inherited)",
				);
				GCC_SYMBOLS_PRIVATE_EXTERN = NO;
				GCC_WARN_64_TO_32_BIT_CONVERSION = YES;
				GCC_WARN_ABOUT_RETURN_TYPE = YES_ERROR;
				GCC_WARN_UNDECLARED_SELECTOR = YES;
				GCC_WARN_UNINITIALIZED_AUTOS = YES_AGGRESSIVE;
				GCC_WARN_UNUSED_FUNCTION = YES;
				GCC_WARN_UNUSED_VARIABLE = YES;
				IPHONEOS_DEPLOYMENT_TARGET = 8.3;
				MTL_ENABLE_DEBUG_INFO = YES;
				ONLY_ACTIVE_ARCH = YES;
				SDKROOT = iphoneos;
			};
			name = Debug;
		};
		574E7BD21AEF29B30042E538 /* Release */ = {
			isa = XCBuildConfiguration;
			buildSettings = {
				ALWAYS_SEARCH_USER_PATHS = NO;
				CLANG_CXX_LANGUAGE_STANDARD = "gnu++0x";
				CLANG_CXX_LIBRARY = "libc++";
				CLANG_ENABLE_MODULES = YES;
				CLANG_ENABLE_OBJC_ARC = YES;
				CLANG_WARN_BOOL_CONVERSION = YES;
				CLANG_WARN_CONSTANT_CONVERSION = YES;
				CLANG_WARN_DIRECT_OBJC_ISA_USAGE = YES_ERROR;
				CLANG_WARN_EMPTY_BODY = YES;
				CLANG_WARN_ENUM_CONVERSION = YES;
				CLANG_WARN_INT_CONVERSION = YES;
				CLANG_WARN_OBJC_ROOT_CLASS = YES_ERROR;
				CLANG_WARN_UNREACHABLE_CODE = YES;
				CLANG_WARN__DUPLICATE_METHOD_MATCH = YES;
				"CODE_SIGN_IDENTITY[sdk=iphoneos*]" = "iPhone Developer";
				COPY_PHASE_STRIP = NO;
				DEBUG_INFORMATION_FORMAT = "dwarf-with-dsym";
				ENABLE_NS_ASSERTIONS = NO;
				ENABLE_STRICT_OBJC_MSGSEND = YES;
				GCC_C_LANGUAGE_STANDARD = gnu99;
				GCC_NO_COMMON_BLOCKS = YES;
				GCC_WARN_64_TO_32_BIT_CONVERSION = YES;
				GCC_WARN_ABOUT_RETURN_TYPE = YES_ERROR;
				GCC_WARN_UNDECLARED_SELECTOR = YES;
				GCC_WARN_UNINITIALIZED_AUTOS = YES_AGGRESSIVE;
				GCC_WARN_UNUSED_FUNCTION = YES;
				GCC_WARN_UNUSED_VARIABLE = YES;
				IPHONEOS_DEPLOYMENT_TARGET = 8.3;
				MTL_ENABLE_DEBUG_INFO = NO;
				SDKROOT = iphoneos;
				VALIDATE_PRODUCT = YES;
			};
			name = Release;
		};
		574E7BD41AEF29B30042E538 /* Debug */ = {
			isa = XCBuildConfiguration;
			baseConfigurationReference = 1EF50B74DE24BB0B7DB5FB31 /* Pods.debug.xcconfig */;
			buildSettings = {
				ASSETCATALOG_COMPILER_APPICON_NAME = AppIcon;
				ASSETCATALOG_COMPILER_LAUNCHIMAGE_NAME = LaunchImage;
				CODE_SIGN_IDENTITY = "iPhone Developer";
				"CODE_SIGN_IDENTITY[sdk=iphoneos*]" = "iPhone Developer";
				GCC_PREFIX_HEADER = "ABCFrameWork/Supporting Files/PrefixHeader.pch";
				INFOPLIST_FILE = "ABCFrameWork/Supporting Files/Info.plist";
				IPHONEOS_DEPLOYMENT_TARGET = 7.0;
				LD_RUNPATH_SEARCH_PATHS = "$(inherited) @executable_path/Frameworks";
				PRODUCT_NAME = "$(TARGET_NAME)";
				PROVISIONING_PROFILE = "";
				USER_HEADER_SEARCH_PATHS = "${SRCROOT}/**";
			};
			name = Debug;
		};
		574E7BD51AEF29B30042E538 /* Release */ = {
			isa = XCBuildConfiguration;
			baseConfigurationReference = C15D63DE3998204D8FA22996 /* Pods.release.xcconfig */;
			buildSettings = {
				ASSETCATALOG_COMPILER_APPICON_NAME = AppIcon;
				ASSETCATALOG_COMPILER_LAUNCHIMAGE_NAME = LaunchImage;
				CODE_SIGN_IDENTITY = "iPhone Developer";
				"CODE_SIGN_IDENTITY[sdk=iphoneos*]" = "iPhone Developer";
				GCC_PREFIX_HEADER = "ABCFrameWork/Supporting Files/PrefixHeader.pch";
				INFOPLIST_FILE = "ABCFrameWork/Supporting Files/Info.plist";
				IPHONEOS_DEPLOYMENT_TARGET = 7.0;
				LD_RUNPATH_SEARCH_PATHS = "$(inherited) @executable_path/Frameworks";
				PRODUCT_NAME = "$(TARGET_NAME)";
				PROVISIONING_PROFILE = "";
				USER_HEADER_SEARCH_PATHS = "${SRCROOT}/**";
			};
			name = Release;
		};
		574E7BD71AEF29B30042E538 /* Debug */ = {
			isa = XCBuildConfiguration;
			baseConfigurationReference = 1EF50B74DE24BB0B7DB5FB31 /* Pods.debug.xcconfig */;
			buildSettings = {
				BUNDLE_LOADER = "$(TEST_HOST)";
				FRAMEWORK_SEARCH_PATHS = (
					"$(SDKROOT)/Developer/Library/Frameworks",
					"$(inherited)",
				);
				GCC_PREPROCESSOR_DEFINITIONS = (
					"DEBUG=1",
					"$(inherited)",
				);
				INFOPLIST_FILE = "ABCFrameWorkTests/Supporting Files/Info.plist";
				LD_RUNPATH_SEARCH_PATHS = "$(inherited) @executable_path/Frameworks @loader_path/Frameworks";
				PRODUCT_NAME = "$(TARGET_NAME)";
				TEST_HOST = "$(BUILT_PRODUCTS_DIR)/ABCFrameWork.app/ABCFrameWork";
			};
			name = Debug;
		};
		574E7BD81AEF29B30042E538 /* Release */ = {
			isa = XCBuildConfiguration;
			baseConfigurationReference = C15D63DE3998204D8FA22996 /* Pods.release.xcconfig */;
			buildSettings = {
				BUNDLE_LOADER = "$(TEST_HOST)";
				FRAMEWORK_SEARCH_PATHS = (
					"$(SDKROOT)/Developer/Library/Frameworks",
					"$(inherited)",
				);
				INFOPLIST_FILE = "ABCFrameWorkTests/Supporting Files/Info.plist";
				LD_RUNPATH_SEARCH_PATHS = "$(inherited) @executable_path/Frameworks @loader_path/Frameworks";
				PRODUCT_NAME = "$(TARGET_NAME)";
				TEST_HOST = "$(BUILT_PRODUCTS_DIR)/ABCFrameWork.app/ABCFrameWork";
			};
			name = Release;
		};
/* End XCBuildConfiguration section */

/* Begin XCConfigurationList section */
		574E7BAB1AEF29B30042E538 /* Build configuration list for PBXProject "ABCFrameWork" */ = {
			isa = XCConfigurationList;
			buildConfigurations = (
				574E7BD11AEF29B30042E538 /* Debug */,
				574E7BD21AEF29B30042E538 /* Release */,
			);
			defaultConfigurationIsVisible = 0;
			defaultConfigurationName = Release;
		};
		574E7BD31AEF29B30042E538 /* Build configuration list for PBXNativeTarget "ABCFrameWork" */ = {
			isa = XCConfigurationList;
			buildConfigurations = (
				574E7BD41AEF29B30042E538 /* Debug */,
				574E7BD51AEF29B30042E538 /* Release */,
			);
			defaultConfigurationIsVisible = 0;
			defaultConfigurationName = Release;
		};
		574E7BD61AEF29B30042E538 /* Build configuration list for PBXNativeTarget "ABCFrameWorkTests" */ = {
			isa = XCConfigurationList;
			buildConfigurations = (
				574E7BD71AEF29B30042E538 /* Debug */,
				574E7BD81AEF29B30042E538 /* Release */,
			);
			defaultConfigurationIsVisible = 0;
			defaultConfigurationName = Release;
		};
/* End XCConfigurationList section */
	};
	rootObject = 574E7BA81AEF29B30042E538 /* Project object */;
}
