// !$*UTF8*$!
{
	archiveVersion = 1;
	classes = {
	};
	objectVersion = 46;
	objects = {

/* Begin PBXBuildFile section */
		574E7BB61AEF29B30042E538 /* main.m in Sources */ = {isa = PBXBuildFile; fileRef = 574E7BB51AEF29B30042E538 /* main.m */; };
		574E7BB91AEF29B30042E538 /* AppDelegate.m in Sources */ = {isa = PBXBuildFile; fileRef = 574E7BB81AEF29B30042E538 /* AppDelegate.m */; };
		574E7BC11AEF29B30042E538 /* Images.xcassets in Resources */ = {isa = PBXBuildFile; fileRef = 574E7BC01AEF29B30042E538 /* Images.xcassets */; };
		574E7BD01AEF29B30042E538 /* ABCFrameWorkTests.m in Sources */ = {isa = PBXBuildFile; fileRef = 574E7BCF1AEF29B30042E538 /* ABCFrameWorkTests.m */; };
		574E7BDE1AEF2E1E0042E538 /* ABCNetRequest.m in Sources */ = {isa = PBXBuildFile; fileRef = 574E7BDD1AEF2E1E0042E538 /* ABCNetRequest.m */; };
		574E7BE41AEF336E0042E538 /* ABCRequestModel.m in Sources */ = {isa = PBXBuildFile; fileRef = 574E7BE31AEF336E0042E538 /* ABCRequestModel.m */; };
		574E7BE71AEF39090042E538 /* ABCNetOperation.m in Sources */ = {isa = PBXBuildFile; fileRef = 574E7BE61AEF39090042E538 /* ABCNetOperation.m */; };
		574E7BEA1AEF3AF90042E538 /* ABCCallBackModel.m in Sources */ = {isa = PBXBuildFile; fileRef = 574E7BE91AEF3AF90042E538 /* ABCCallBackModel.m */; };
		574E7BEE1AEF40760042E538 /* ABCCache.m in Sources */ = {isa = PBXBuildFile; fileRef = 574E7BED1AEF40760042E538 /* ABCCache.m */; };
		574E7BF51AEF61770042E538 /* ABCCachTests.m in Sources */ = {isa = PBXBuildFile; fileRef = 574E7BF41AEF61770042E538 /* ABCCachTests.m */; };
		869580797A879786C12CFB2B /* libPods.a in Frameworks */ = {isa = PBXBuildFile; fileRef = 985F236AC74D8B3B3182C61E /* libPods.a */; };
		FF195FEB335411A481CD41F1 /* libPods.a in Frameworks */ = {isa = PBXBuildFile; fileRef = 985F236AC74D8B3B3182C61E /* libPods.a */; };
/* End PBXBuildFile section */

/* Begin PBXContainerItemProxy section */
		574E7BCA1AEF29B30042E538 /* PBXContainerItemProxy */ = {
			isa = PBXContainerItemProxy;
			containerPortal = 574E7BA81AEF29B30042E538 /* Project object */;
			proxyType = 1;
			remoteGlobalIDString = 574E7BAF1AEF29B30042E538;
			remoteInfo = ABCFrameWork;
		};
/* End PBXContainerItemProxy section */

/* Begin PBXFileReference section */
		1EF50B74DE24BB0B7DB5FB31 /* Pods.debug.xcconfig */ = {isa = PBXFileReference; includeInIndex = 1; lastKnownFileType = text.xcconfig; name = Pods.debug.xcconfig; path = "Pods/Target Support Files/Pods/Pods.debug.xcconfig"; sourceTree = "<group>"; };
		574E7BB01AEF29B30042E538 /* ABCFrameWork.app */ = {isa = PBXFileReference; explicitFileType = wrapper.application; includeInIndex = 0; path = ABCFrameWork.app; sourceTree = BUILT_PRODUCTS_DIR; };
		574E7BB41AEF29B30042E538 /* Info.plist */ = {isa = PBXFileReference; lastKnownFileType = text.plist.xml; path = Info.plist; sourceTree = "<group>"; };
		574E7BB51AEF29B30042E538 /* main.m */ = {isa = PBXFileReference; lastKnownFileType = sourcecode.c.objc; path = main.m; sourceTree = "<group>"; };
		574E7BB71AEF29B30042E538 /* AppDelegate.h */ = {isa = PBXFileReference; lastKnownFileType = sourcecode.c.h; path = AppDelegate.h; sourceTree = "<group>"; };
		574E7BB81AEF29B30042E538 /* AppDelegate.m */ = {isa = PBXFileReference; lastKnownFileType = sourcecode.c.objc; path = AppDelegate.m; sourceTree = "<group>"; };
		574E7BC01AEF29B30042E538 /* Images.xcassets */ = {isa = PBXFileReference; lastKnownFileType = folder.assetcatalog; path = Images.xcassets; sourceTree = "<group>"; };
		574E7BC91AEF29B30042E538 /* ABCFrameWorkTests.xctest */ = {isa = PBXFileReference; explicitFileType = wrapper.cfbundle; includeInIndex = 0; path = ABCFrameWorkTests.xctest; sourceTree = BUILT_PRODUCTS_DIR; };
		574E7BCE1AEF29B30042E538 /* Info.plist */ = {isa = PBXFileReference; lastKnownFileType = text.plist.xml; path = Info.plist; sourceTree = "<group>"; };
		574E7BCF1AEF29B30042E538 /* ABCFrameWorkTests.m */ = {isa = PBXFileReference; lastKnownFileType = sourcecode.c.objc; path = ABCFrameWorkTests.m; sourceTree = "<group>"; };
		574E7BD91AEF29F50042E538 /* PrefixHeader.pch */ = {isa = PBXFileReference; lastKnownFileType = sourcecode.c.h; path = PrefixHeader.pch; sourceTree = "<group>"; };
		574E7BDB1AEF2DB20042E538 /* ABCFrameWork.h */ = {isa = PBXFileReference; lastKnownFileType = sourcecode.c.h; path = ABCFrameWork.h; sourceTree = "<group>"; };
		574E7BDC1AEF2E1E0042E538 /* ABCNetRequest.h */ = {isa = PBXFileReference; fileEncoding = 4; lastKnownFileType = sourcecode.c.h; path = ABCNetRequest.h; sourceTree = "<group>"; };
		574E7BDD1AEF2E1E0042E538 /* ABCNetRequest.m */ = {isa = PBXFileReference; fileEncoding = 4; lastKnownFileType = sourcecode.c.objc; path = ABCNetRequest.m; sourceTree = "<group>"; };
		574E7BE21AEF336E0042E538 /* ABCRequestModel.h */ = {isa = PBXFileReference; fileEncoding = 4; lastKnownFileType = sourcecode.c.h; path = ABCRequestModel.h; sourceTree = "<group>"; };
		574E7BE31AEF336E0042E538 /* ABCRequestModel.m */ = {isa = PBXFileReference; fileEncoding = 4; lastKnownFileType = sourcecode.c.objc; path = ABCRequestModel.m; sourceTree = "<group>"; };
		574E7BE51AEF39090042E538 /* ABCNetOperation.h */ = {isa = PBXFileReference; fileEncoding = 4; lastKnownFileType = sourcecode.c.h; path = ABCNetOperation.h; sourceTree = "<group>"; };
		574E7BE61AEF39090042E538 /* ABCNetOperation.m */ = {isa = PBXFileReference; fileEncoding = 4; lastKnownFileType = sourcecode.c.objc; path = ABCNetOperation.m; sourceTree = "<group>"; };
		574E7BE81AEF3AF90042E538 /* ABCCallBackModel.h */ = {isa = PBXFileReference; fileEncoding = 4; lastKnownFileType = sourcecode.c.h; path = ABCCallBackModel.h; sourceTree = "<group>"; };
		574E7BE91AEF3AF90042E538 /* ABCCallBackModel.m */ = {isa = PBXFileReference; fileEncoding = 4; lastKnownFileType = sourcecode.c.objc; path = ABCCallBackModel.m; sourceTree = "<group>"; };
		574E7BEC1AEF40760042E538 /* ABCCache.h */ = {isa = PBXFileReference; fileEncoding = 4; lastKnownFileType = sourcecode.c.h; path = ABCCache.h; sourceTree = "<group>"; };
		574E7BED1AEF40760042E538 /* ABCCache.m */ = {isa = PBXFileReference; fileEncoding = 4; lastKnownFileType = sourcecode.c.objc; path = ABCCache.m; sourceTree = "<group>"; };
		574E7BF41AEF61770042E538 /* ABCCachTests.m */ = {isa = PBXFileReference; fileEncoding = 4; lastKnownFileType = sourcecode.c.objc; path = ABCCachTests.m; sourceTree = "<group>"; };
		985F236AC74D8B3B3182C61E /* libPods.a */ = {isa = PBXFileReference; explicitFileType = archive.ar; includeInIndex = 0; path = libPods.a; sourceTree = BUILT_PRODUCTS_DIR; };
		C15D63DE3998204D8FA22996 /* Pods.release.xcconfig */ = {isa = PBXFileReference; includeInIndex = 1; lastKnownFileType = text.xcconfig; name = Pods.release.xcconfig; path = "Pods/Target Support Files/Pods/Pods.release.xcconfig"; sourceTree = "<group>"; };
/* End PBXFileReference section */

/* Begin PBXFrameworksBuildPhase section */
		574E7BAD1AEF29B30042E538 /* Frameworks */ = {
			isa = PBXFrameworksBuildPhase;
			buildActionMask = 2147483647;
			files = (
				FF195FEB335411A481CD41F1 /* libPods.a in Frameworks */,
			);
			runOnlyForDeploymentPostprocessing = 0;
		};
		574E7BC61AEF29B30042E538 /* Frameworks */ = {
			isa = PBXFrameworksBuildPhase;
			buildActionMask = 2147483647;
			files = (
				869580797A879786C12CFB2B /* libPods.a in Frameworks */,
			);
			runOnlyForDeploymentPostprocessing = 0;
		};
/* End PBXFrameworksBuildPhase section */

/* Begin PBXGroup section */
		574E7BA71AEF29B30042E538 = {
			isa = PBXGroup;
			children = (
				574E7BB21AEF29B30042E538 /* ABCFrameWork */,
				574E7BCC1AEF29B30042E538 /* ABCFrameWorkTests */,
				574E7BB11AEF29B30042E538 /* Products */,
				868EEE91219003C97E9EA33E /* Pods */,
				A9192F1AE5F0869A40BDA8C9 /* Frameworks */,
			);
			sourceTree = "<group>";
		};
		574E7BB11AEF29B30042E538 /* Products */ = {
			isa = PBXGroup;
			children = (
				574E7BB01AEF29B30042E538 /* ABCFrameWork.app */,
				574E7BC91AEF29B30042E538 /* ABCFrameWorkTests.xctest */,
			);
			name = Products;
			sourceTree = "<group>";
		};
		574E7BB21AEF29B30042E538 /* ABCFrameWork */ = {
			isa = PBXGroup;
			children = (
				574E7BDB1AEF2DB20042E538 /* ABCFrameWork.h */,
				574E7BDF1AEF32F70042E538 /* Model */,
				574E7BDA1AEF2D870042E538 /* NetOperation */,
				574E7BEB1AEF40410042E538 /* Cache */,
				574E7BB31AEF29B30042E538 /* Supporting Files */,
			);
			path = ABCFrameWork;
			sourceTree = "<group>";
		};
		574E7BB31AEF29B30042E538 /* Supporting Files */ = {
			isa = PBXGroup;
			children = (
				574E7BB41AEF29B30042E538 /* Info.plist */,
				574E7BB51AEF29B30042E538 /* main.m */,
				574E7BD91AEF29F50042E538 /* PrefixHeader.pch */,
				574E7BB71AEF29B30042E538 /* AppDelegate.h */,
				574E7BB81AEF29B30042E538 /* AppDelegate.m */,
				574E7BC01AEF29B30042E538 /* Images.xcassets */,
			);
			name = "Supporting Files";
			sourceTree = "<group>";
		};
		574E7BCC1AEF29B30042E538 /* ABCFrameWorkTests */ = {
			isa = PBXGroup;
			children = (
				574E7BCF1AEF29B30042E538 /* ABCFrameWorkTests.m */,
				574E7BF41AEF61770042E538 /* ABCCachTests.m */,
				574E7BCD1AEF29B30042E538 /* Supporting Files */,
			);
			path = ABCFrameWorkTests;
			sourceTree = "<group>";
		};
		574E7BCD1AEF29B30042E538 /* Supporting Files */ = {
			isa = PBXGroup;
			children = (
				574E7BCE1AEF29B30042E538 /* Info.plist */,
			);
			name = "Supporting Files";
			sourceTree = "<group>";
		};
		574E7BDA1AEF2D870042E538 /* NetOperation */ = {
			isa = PBXGroup;
			children = (
				574E7BDC1AEF2E1E0042E538 /* ABCNetRequest.h */,
				574E7BDD1AEF2E1E0042E538 /* ABCNetRequest.m */,
				574E7BE51AEF39090042E538 /* ABCNetOperation.h */,
				574E7BE61AEF39090042E538 /* ABCNetOperation.m */,
			);
			name = NetOperation;
			sourceTree = "<group>";
		};
		574E7BDF1AEF32F70042E538 /* Model */ = {
			isa = PBXGroup;
			children = (
				574E7BE01AEF33040042E538 /* RequestModel */,
				574E7BE11AEF33150042E538 /* CallBackModel */,
			);
			name = Model;
			sourceTree = "<group>";
		};
		574E7BE01AEF33040042E538 /* RequestModel */ = {
			isa = PBXGroup;
			children = (
				574E7BE21AEF336E0042E538 /* ABCRequestModel.h */,
				574E7BE31AEF336E0042E538 /* ABCRequestModel.m */,
			);
			name = RequestModel;
			sourceTree = "<group>";
		};
		574E7BE11AEF33150042E538 /* CallBackModel */ = {
			isa = PBXGroup;
			children = (
				574E7BE81AEF3AF90042E538 /* ABCCallBackModel.h */,
				574E7BE91AEF3AF90042E538 /* ABCCallBackModel.m */,
			);
			name = CallBackModel;
			sourceTree = "<group>";
		};
		574E7BEB1AEF40410042E538 /* Cache */ = {
			isa = PBXGroup;
			children = (
				574E7BEC1AEF40760042E538 /* ABCCache.h */,
				574E7BED1AEF40760042E538 /* ABCCache.m */,
			);
			name = Cache;
			sourceTree = "<group>";
		};
		868EEE91219003C97E9EA33E /* Pods */ = {
			isa = PBXGroup;
			children = (
				1EF50B74DE24BB0B7DB5FB31 /* Pods.debug.xcconfig */,
				C15D63DE3998204D8FA22996 /* Pods.release.xcconfig */,
			);
			name = Pods;
			sourceTree = "<group>";
		};
		A9192F1AE5F0869A40BDA8C9 /* Frameworks */ = {
			isa = PBXGroup;
			children = (
				985F236AC74D8B3B3182C61E /* libPods.a */,
			);
			name = Frameworks;
			sourceTree = "<group>";
		};
/* End PBXGroup section */

/* Begin PBXNativeTarget section */
		574E7BAF1AEF29B30042E538 /* ABCFrameWork */ = {
			isa = PBXNativeTarget;
			buildConfigurationList = 574E7BD31AEF29B30042E538 /* Build configuration list for PBXNativeTarget "ABCFrameWork" */;
			buildPhases = (
				B8BCA1664AE86922CA88A942 /* Check Pods Manifest.lock */,
				574E7BAC1AEF29B30042E538 /* Sources */,
				574E7BAD1AEF29B30042E538 /* Frameworks */,
				574E7BAE1AEF29B30042E538 /* Resources */,
				ECFB018B1E0ADCC53F808C7D /* Copy Pods Resources */,
			);
			buildRules = (
			);
			dependencies = (
			);
			name = ABCFrameWork;
			productName = ABCFrameWork;
			productReference = 574E7BB01AEF29B30042E538 /* ABCFrameWork.app */;
			productType = "com.apple.product-type.application";
		};
		574E7BC81AEF29B30042E538 /* ABCFrameWorkTests */ = {
			isa = PBXNativeTarget;
			buildConfigurationList = 574E7BD61AEF29B30042E538 /* Build configuration list for PBXNativeTarget "ABCFrameWorkTests" */;
			buildPhases = (
				CC0527D35F2F5F76A348BFA6 /* Check Pods Manifest.lock */,
				574E7BC51AEF29B30042E538 /* Sources */,
				574E7BC61AEF29B30042E538 /* Frameworks */,
				574E7BC71AEF29B30042E538 /* Resources */,
				B326D28A84659CE067C812BF /* Copy Pods Resources */,
			);
			buildRules = (
			);
			dependencies = (
				574E7BCB1AEF29B30042E538 /* PBXTargetDependency */,
			);
			name = ABCFrameWorkTests;
			productName = ABCFrameWorkTests;
			productReference = 574E7BC91AEF29B30042E538 /* ABCFrameWorkTests.xctest */;
			productType = "com.apple.product-type.bundle.unit-test";
		};
/* End PBXNativeTarget section */

/* Begin PBXProject section */
		574E7BA81AEF29B30042E538 /* Project object */ = {
			isa = PBXProject;
			attributes = {
				LastUpgradeCheck = 0630;
				ORGANIZATIONNAME = NationSky;
				TargetAttributes = {
					574E7BAF1AEF29B30042E538 = {
						CreatedOnToolsVersion = 6.3;
					};
					574E7BC81AEF29B30042E538 = {
						CreatedOnToolsVersion = 6.3;
						TestTargetID = 574E7BAF1AEF29B30042E538;
					};
				};
			};
			buildConfigurationList = 574E7BAB1AEF29B30042E538 /* Build configuration list for PBXProject "ABCFrameWork" */;
			compatibilityVersion = "Xcode 3.2";
			developmentRegion = English;
			hasScannedForEncodings = 0;
			knownRegions = (
				en,
				Base,
			);
			mainGroup = 574E7BA71AEF29B30042E538;
			productRefGroup = 574E7BB11AEF29B30042E538 /* Products */;
			projectDirPath = "";
			projectRoot = "";
			targets = (
				574E7BAF1AEF29B30042E538 /* ABCFrameWork */,
				574E7BC81AEF29B30042E538 /* ABCFrameWorkTests */,
			);
		};
/* End PBXProject section */

/* Begin PBXResourcesBuildPhase section */
		574E7BAE1AEF29B30042E538 /* Resources */ = {
			isa = PBXResourcesBuildPhase;
			buildActionMask = 2147483647;
			files = (
				574E7BC11AEF29B30042E538 /* Images.xcassets in Resources */,
			);
			runOnlyForDeploymentPostprocessing = 0;
		};
		574E7BC71AEF29B30042E538 /* Resources */ = {
			isa = PBXResourcesBuildPhase;
			buildActionMask = 2147483647;
			files = (
			);
			runOnlyForDeploymentPostprocessing = 0;
		};
/* End PBXResourcesBuildPhase section */

/* Begin PBXShellScriptBuildPhase section */
		B326D28A84659CE067C812BF /* Copy Pods Resources */ = {
			isa = PBXShellScriptBuildPhase;
			buildActionMask = 2147483647;
			files = (
			);
			inputPaths = (
			);
			name = "Copy Pods Resources";
			outputPaths = (
			);
			runOnlyForDeploymentPostprocessing = 0;
			shellPath = /bin/sh;
			shellScript = "\"${SRCROOT}/Pods/Target Support Files/Pods/Pods-resources.sh\"\n";
			showEnvVarsInLog = 0;
		};
		B8BCA1664AE86922CA88A942 /* Check Pods Manifest.lock */ = {
			isa = PBXShellScriptBuildPhase;
			buildActionMask = 2147483647;
			files = (
			);
			inputPaths = (
			);
			name = "Check Pods Manifest.lock";
			outputPaths = (
			);
			runOnlyForDeploymentPostprocessing = 0;
			shellPath = /bin/sh;
			shellScript = "diff \"${PODS_ROOT}/../Podfile.lock\" \"${PODS_ROOT}/Manifest.lock\" > /dev/null\nif [[ $? != 0 ]] ; then\n    cat << EOM\nerror: The sandbox is not in sync with the Podfile.lock. Run 'pod install' or update your CocoaPods installation.\nEOM\n    exit 1\nfi\n";
			showEnvVarsInLog = 0;
		};
		CC0527D35F2F5F76A348BFA6 /* Check Pods Manifest.lock */ = {
			isa = PBXShellScriptBuildPhase;
			buildActionMask = 2147483647;
			files = (
			);
			inputPaths = (
			);
			name = "Check Pods Manifest.lock";
			outputPaths = (
			);
			runOnlyForDeploymentPostprocessing = 0;
			shellPath = /bin/sh;
			shellScript = "diff \"${PODS_ROOT}/../Podfile.lock\" \"${PODS_ROOT}/Manifest.lock\" > /dev/null\nif [[ $? != 0 ]] ; then\n    cat << EOM\nerror: The sandbox is not in sync with the Podfile.lock. Run 'pod install' or update your CocoaPods installation.\nEOM\n    exit 1\nfi\n";
			showEnvVarsInLog = 0;
		};
		ECFB018B1E0ADCC53F808C7D /* Copy Pods Resources */ = {
			isa = PBXShellScriptBuildPhase;
			buildActionMask = 2147483647;
			files = (
			);
			inputPaths = (
			);
			name = "Copy Pods Resources";
			outputPaths = (
			);
			runOnlyForDeploymentPostprocessing = 0;
			shellPath = /bin/sh;
			shellScript = "\"${SRCROOT}/Pods/Target Support Files/Pods/Pods-resources.sh\"\n";
			showEnvVarsInLog = 0;
		};
/* End PBXShellScriptBuildPhase section */

/* Begin PBXSourcesBuildPhase section */
		574E7BAC1AEF29B30042E538 /* Sources */ = {
			isa = PBXSourcesBuildPhase;
			buildActionMask = 2147483647;
			files = (
				574E7BE41AEF336E0042E538 /* ABCRequestModel.m in Sources */,
				574E7BB91AEF29B30042E538 /* AppDelegate.m in Sources */,
				574E7BB61AEF29B30042E538 /* main.m in Sources */,
				574E7BE71AEF39090042E538 /* ABCNetOperation.m in Sources */,
				574E7BDE1AEF2E1E0042E538 /* ABCNetRequest.m in Sources */,
				574E7BEE1AEF40760042E538 /* ABCCache.m in Sources */,
				574E7BEA1AEF3AF90042E538 /* ABCCallBackModel.m in Sources */,
			);
			runOnlyForDeploymentPostprocessing = 0;
		};
		574E7BC51AEF29B30042E538 /* Sources */ = {
			isa = PBXSourcesBuildPhase;
			buildActionMask = 2147483647;
			files = (
				574E7BD01AEF29B30042E538 /* ABCFrameWorkTests.m in Sources */,
				574E7BF51AEF61770042E538 /* ABCCachTests.m in Sources */,
			);
			runOnlyForDeploymentPostprocessing = 0;
		};
/* End PBXSourcesBuildPhase section */

/* Begin PBXTargetDependency section */
		574E7BCB1AEF29B30042E538 /* PBXTargetDependency */ = {
			isa = PBXTargetDependency;
			target = 574E7BAF1AEF29B30042E538 /* ABCFrameWork */;
			targetProxy = 574E7BCA1AEF29B30042E538 /* PBXContainerItemProxy */;
		};
/* End PBXTargetDependency section */

/* Begin XCBuildConfiguration section */
		574E7BD11AEF29B30042E538 /* Debug */ = {
			isa = XCBuildConfiguration;
			buildSettings = {
				ALWAYS_SEARCH_USER_PATHS = NO;
				CLANG_CXX_LANGUAGE_STANDARD = "gnu++0x";
				CLANG_CXX_LIBRARY = "libc++";
				CLANG_ENABLE_MODULES = YES;
				CLANG_ENABLE_OBJC_ARC = YES;
				CLANG_WARN_BOOL_CONVERSION = YES;
				CLANG_WARN_CONSTANT_CONVERSION = YES;
				CLANG_WARN_DIRECT_OBJC_ISA_USAGE = YES_ERROR;
				CLANG_WARN_EMPTY_BODY = YES;
				CLANG_WARN_ENUM_CONVERSION = YES;
				CLANG_WARN_INT_CONVERSION = YES;
				CLANG_WARN_OBJC_ROOT_CLASS = YES_ERROR;
				CLANG_WARN_UNREACHABLE_CODE = YES;
				CLANG_WARN__DUPLICATE_METHOD_MATCH = YES;
				"CODE_SIGN_IDENTITY[sdk=iphoneos*]" = "iPhone Developer";
				COPY_PHASE_STRIP = NO;
				DEBUG_INFORMATION_FORMAT = "dwarf-with-dsym";
				ENABLE_STRICT_OBJC_MSGSEND = YES;
				GCC_C_LANGUAGE_STANDARD = gnu99;
				GCC_DYNAMIC_NO_PIC = NO;
				GCC_NO_COMMON_BLOCKS = YES;
				GCC_OPTIMIZATION_LEVEL = 0;
				GCC_PREPROCESSOR_DEFINITIONS = (
					"DEBUG=1",
					"$(inherited)",
				);
				GCC_SYMBOLS_PRIVATE_EXTERN = NO;
				GCC_WARN_64_TO_32_BIT_CONVERSION = YES;
				GCC_WARN_ABOUT_RETURN_TYPE = YES_ERROR;
				GCC_WARN_UNDECLARED_SELECTOR = YES;
				GCC_WARN_UNINITIALIZED_AUTOS = YES_AGGRESSIVE;
				GCC_WARN_UNUSED_FUNCTION = YES;
				GCC_WARN_UNUSED_VARIABLE = YES;
				IPHONEOS_DEPLOYMENT_TARGET = 8.3;
				MTL_ENABLE_DEBUG_INFO = YES;
				ONLY_ACTIVE_ARCH = YES;
				SDKROOT = iphoneos;
			};
			name = Debug;
		};
		574E7BD21AEF29B30042E538 /* Release */ = {
			isa = XCBuildConfiguration;
			buildSettings = {
				ALWAYS_SEARCH_USER_PATHS = NO;
				CLANG_CXX_LANGUAGE_STANDARD = "gnu++0x";
				CLANG_CXX_LIBRARY = "libc++";
				CLANG_ENABLE_MODULES = YES;
				CLANG_ENABLE_OBJC_ARC = YES;
				CLANG_WARN_BOOL_CONVERSION = YES;
				CLANG_WARN_CONSTANT_CONVERSION = YES;
				CLANG_WARN_DIRECT_OBJC_ISA_USAGE = YES_ERROR;
				CLANG_WARN_EMPTY_BODY = YES;
				CLANG_WARN_ENUM_CONVERSION = YES;
				CLANG_WARN_INT_CONVERSION = YES;
				CLANG_WARN_OBJC_ROOT_CLASS = YES_ERROR;
				CLANG_WARN_UNREACHABLE_CODE = YES;
				CLANG_WARN__DUPLICATE_METHOD_MATCH = YES;
				"CODE_SIGN_IDENTITY[sdk=iphoneos*]" = "iPhone Developer";
				COPY_PHASE_STRIP = NO;
				DEBUG_INFORMATION_FORMAT = "dwarf-with-dsym";
				ENABLE_NS_ASSERTIONS = NO;
				ENABLE_STRICT_OBJC_MSGSEND = YES;
				GCC_C_LANGUAGE_STANDARD = gnu99;
				GCC_NO_COMMON_BLOCKS = YES;
				GCC_WARN_64_TO_32_BIT_CONVERSION = YES;
				GCC_WARN_ABOUT_RETURN_TYPE = YES_ERROR;
				GCC_WARN_UNDECLARED_SELECTOR = YES;
				GCC_WARN_UNINITIALIZED_AUTOS = YES_AGGRESSIVE;
				GCC_WARN_UNUSED_FUNCTION = YES;
				GCC_WARN_UNUSED_VARIABLE = YES;
				IPHONEOS_DEPLOYMENT_TARGET = 8.3;
				MTL_ENABLE_DEBUG_INFO = NO;
				SDKROOT = iphoneos;
				VALIDATE_PRODUCT = YES;
			};
			name = Release;
		};
		574E7BD41AEF29B30042E538 /* Debug */ = {
			isa = XCBuildConfiguration;
			baseConfigurationReference = 1EF50B74DE24BB0B7DB5FB31 /* Pods.debug.xcconfig */;
			buildSettings = {
				ASSETCATALOG_COMPILER_APPICON_NAME = AppIcon;
				ASSETCATALOG_COMPILER_LAUNCHIMAGE_NAME = LaunchImage;
				GCC_PREFIX_HEADER = ABCFrameWork/PrefixHeader.pch;
				INFOPLIST_FILE = ABCFrameWork/Info.plist;
				IPHONEOS_DEPLOYMENT_TARGET = 7.0;
				LD_RUNPATH_SEARCH_PATHS = "$(inherited) @executable_path/Frameworks";
				PRODUCT_NAME = "$(TARGET_NAME)";
				USER_HEADER_SEARCH_PATHS = "${SRCROOT}/**";
			};
			name = Debug;
		};
		574E7BD51AEF29B30042E538 /* Release */ = {
			isa = XCBuildConfiguration;
			baseConfigurationReference = C15D63DE3998204D8FA22996 /* Pods.release.xcconfig */;
			buildSettings = {
				ASSETCATALOG_COMPILER_APPICON_NAME = AppIcon;
				ASSETCATALOG_COMPILER_LAUNCHIMAGE_NAME = LaunchImage;
				GCC_PREFIX_HEADER = ABCFrameWork/PrefixHeader.pch;
				INFOPLIST_FILE = ABCFrameWork/Info.plist;
				IPHONEOS_DEPLOYMENT_TARGET = 7.0;
				LD_RUNPATH_SEARCH_PATHS = "$(inherited) @executable_path/Frameworks";
				PRODUCT_NAME = "$(TARGET_NAME)";
				USER_HEADER_SEARCH_PATHS = "${SRCROOT}/**";
			};
			name = Release;
		};
		574E7BD71AEF29B30042E538 /* Debug */ = {
			isa = XCBuildConfiguration;
			baseConfigurationReference = 1EF50B74DE24BB0B7DB5FB31 /* Pods.debug.xcconfig */;
			buildSettings = {
				BUNDLE_LOADER = "$(TEST_HOST)";
				FRAMEWORK_SEARCH_PATHS = (
					"$(SDKROOT)/Developer/Library/Frameworks",
					"$(inherited)",
				);
				GCC_PREPROCESSOR_DEFINITIONS = (
					"DEBUG=1",
					"$(inherited)",
				);
				INFOPLIST_FILE = ABCFrameWorkTests/Info.plist;
				LD_RUNPATH_SEARCH_PATHS = "$(inherited) @executable_path/Frameworks @loader_path/Frameworks";
				PRODUCT_NAME = "$(TARGET_NAME)";
				TEST_HOST = "$(BUILT_PRODUCTS_DIR)/ABCFrameWork.app/ABCFrameWork";
			};
			name = Debug;
		};
		574E7BD81AEF29B30042E538 /* Release */ = {
			isa = XCBuildConfiguration;
			baseConfigurationReference = C15D63DE3998204D8FA22996 /* Pods.release.xcconfig */;
			buildSettings = {
				BUNDLE_LOADER = "$(TEST_HOST)";
				FRAMEWORK_SEARCH_PATHS = (
					"$(SDKROOT)/Developer/Library/Frameworks",
					"$(inherited)",
				);
				INFOPLIST_FILE = ABCFrameWorkTests/Info.plist;
				LD_RUNPATH_SEARCH_PATHS = "$(inherited) @executable_path/Frameworks @loader_path/Frameworks";
				PRODUCT_NAME = "$(TARGET_NAME)";
				TEST_HOST = "$(BUILT_PRODUCTS_DIR)/ABCFrameWork.app/ABCFrameWork";
			};
			name = Release;
		};
/* End XCBuildConfiguration section */

/* Begin XCConfigurationList section */
		574E7BAB1AEF29B30042E538 /* Build configuration list for PBXProject "ABCFrameWork" */ = {
			isa = XCConfigurationList;
			buildConfigurations = (
				574E7BD11AEF29B30042E538 /* Debug */,
				574E7BD21AEF29B30042E538 /* Release */,
			);
			defaultConfigurationIsVisible = 0;
			defaultConfigurationName = Release;
		};
		574E7BD31AEF29B30042E538 /* Build configuration list for PBXNativeTarget "ABCFrameWork" */ = {
			isa = XCConfigurationList;
			buildConfigurations = (
				574E7BD41AEF29B30042E538 /* Debug */,
				574E7BD51AEF29B30042E538 /* Release */,
			);
			defaultConfigurationIsVisible = 0;
			defaultConfigurationName = Release;
		};
		574E7BD61AEF29B30042E538 /* Build configuration list for PBXNativeTarget "ABCFrameWorkTests" */ = {
			isa = XCConfigurationList;
			buildConfigurations = (
				574E7BD71AEF29B30042E538 /* Debug */,
				574E7BD81AEF29B30042E538 /* Release */,
			);
			defaultConfigurationIsVisible = 0;
			defaultConfigurationName = Release;
		};
/* End XCConfigurationList section */
	};
	rootObject = 574E7BA81AEF29B30042E538 /* Project object */;
}
